lockfileVersion: '9.0'

settings:
  autoInstallPeers: true
  excludeLinksFromLockfile: false

importers:

  .:
    dependencies:
      '@google/generative-ai':
        specifier: ^0.24.1
        version: 0.24.1
      dotenv:
        specifier: ^17.2.4
        version: 17.2.4
      openai:
        specifier: ^6.18.0
        version: 6.18.0

packages:

  '@google/generative-ai@0.24.1':
    resolution: {integrity: sha512-MqO+MLfM6kjxcKoy0p1wRzG3b4ZZXtPI+z2IE26UogS2Cm/XHO+7gGRBh6gcJsOiIVoH93UwKvW4HdgiOZCy9Q==}
    engines: {node: '>=18.0.0'}

  dotenv@17.2.4:
    resolution: {integrity: sha512-mudtfb4zRB4bVvdj0xRo+e6duH1csJRM8IukBqfTRvHotn9+LBXB8ynAidP9zHqoRC/fsllXgk4kCKlR21fIhw==}
    engines: {node: '>=12'}

  openai@6.18.0:
    resolution: {integrity: sha512-odLRYyz9rlzz6g8gKn61RM2oP5UUm428sE2zOxZqS9MzVfD5/XW8UoEjpnRkzTuScXP7ZbP/m7fC+bl8jCOZZw==}
    hasBin: true
    peerDependencies:
      ws: ^8.18.0
      zod: ^3.25 || ^4.0
    peerDependenciesMeta:
      ws:
        optional: true
      zod:
        optional: true

snapshots:

  '@google/generative-ai@0.24.1': {}

  dotenv@17.2.4: {}

  openai@6.18.0: {}
